
Microsoft Visual Studio Solution File, Format Version 12.00
# Visual Studio Version 16
VisualStudioVersion = 16.0.29424.173
MinimumVisualStudioVersion = 10.0.40219.1
Project("{FAE04EC0-301F-11D3-BF4B-00C04F79EFBC}") = "eShopSolution.WebApp", "eShopSolution.WebApp\eShopSolution.WebApp.csproj", "{BBE64476-598F-4415-B2D0-F7B332938FBB}"
EndProject
Project("{2150E333-8FDC-42A3-9474-1A3956D46DE8}") = "Solution Items", "Solution Items", "{6FFEFBD4-4668-4016-A23E-F1EAC021093C}"
	ProjectSection(SolutionItems) = preProject
		README.md = README.md
	EndProjectSection
EndProject
Project("{FAE04EC0-301F-11D3-BF4B-00C04F79EFBC}") = "eShopSolution.Data", "eShopSolution.Data\eShopSolution.Data.csproj", "{4CFF494F-ABAB-44E3-B11F-FD0C43795694}"
EndProject
Project("{FAE04EC0-301F-11D3-BF4B-00C04F79EFBC}") = "eShopSolution.Application", "eShopSolution.Application\eShopSolution.Application.csproj", "{7BAB1BD8-4927-4E24-8EF4-3940B21F7F8F}"
EndProject
Global
	GlobalSection(SolutionConfigurationPlatforms) = preSolution
		Debug|Any CPU = Debug|Any CPU
		Release|Any CPU = Release|Any CPU
	EndGlobalSection
	GlobalSection(ProjectConfigurationPlatforms) = postSolution
		{BBE64476-598F-4415-B2D0-F7B332938FBB}.Debug|Any CPU.ActiveCfg = Debug|Any CPU
		{BBE64476-598F-4415-B2D0-F7B332938FBB}.Debug|Any CPU.Build.0 = Debug|Any CPU
		{BBE64476-598F-4415-B2D0-F7B332938FBB}.Release|Any CPU.ActiveCfg = Release|Any CPU
		{BBE64476-598F-4415-B2D0-F7B332938FBB}.Release|Any CPU.Build.0 = Release|Any CPU
		{4CFF494F-ABAB-44E3-B11F-FD0C43795694}.Debug|Any CPU.ActiveCfg = Debug|Any CPU
		{4CFF494F-ABAB-44E3-B11F-FD0C43795694}.Debug|Any CPU.Build.0 = Debug|Any CPU
		{4CFF494F-ABAB-44E3-B11F-FD0C43795694}.Release|Any CPU.ActiveCfg = Release|Any CPU
		{4CFF494F-ABAB-44E3-B11F-FD0C43795694}.Release|Any CPU.Build.0 = Release|Any CPU
		{7BAB1BD8-4927-4E24-8EF4-3940B21F7F8F}.Debug|Any CPU.ActiveCfg = Debug|Any CPU
		{7BAB1BD8-4927-4E24-8EF4-3940B21F7F8F}.Debug|Any CPU.Build.0 = Debug|Any CPU
		{7BAB1BD8-4927-4E24-8EF4-3940B21F7F8F}.Release|Any CPU.ActiveCfg = Release|Any CPU
		{7BAB1BD8-4927-4E24-8EF4-3940B21F7F8F}.Release|Any CPU.Build.0 = Release|Any CPU
	EndGlobalSection
	GlobalSection(SolutionProperties) = preSolution
		HideSolutionNode = FALSE
	EndGlobalSection
	GlobalSection(ExtensibilityGlobals) = postSolution
		SolutionGuid = {3DA3EEA1-73E1-4F3A-B849-EFC5C143863F}
	EndGlobalSection
EndGlobal
